
Microsoft Visual Studio Solution File, Format Version 12.00
# Visual Studio 2017
Project("{FAE04EC0-301F-11D3-BF4B-00C04F79EFBC}") = "[SemThem]Flipper_PLHV", "[SemThem]Flipper_PLHV.csproj", "{218FDD1F-6A02-11ED-A96B-78B6E768AD33}"
EndProject
Global
	GlobalSection(SolutionConfigurationPlatforms) = preSolution
		Debug|Any CPU = Debug|Any CPU
		Release|Any CPU = Release|Any CPU
	EndGlobalSection
	GlobalSection(ProjectConfigurationPlatforms) = postSolution
		{218FDD1F-6A02-11ED-A96B-78B6E768AD33}.Debug|Any CPU.ActiveCfg = Debug|Any CPU
		{218FDD1F-6A02-11ED-A96B-78B6E768AD33}.Debug|Any CPU.Build.0 = Debug|Any CPU
		{218FDD1F-6A02-11ED-A96B-78B6E768AD33}.Release|Any CPU.ActiveCfg = Release|Any CPU
		{218FDD1F-6A02-11ED-A96B-78B6E768AD33}.Release|Any CPU.Build.0 = Release|Any CPU
	EndGlobalSection
	GlobalSection(SolutionProperties) = preSolution
		HideSolutionNode = FALSE
	EndGlobalSection
EndGlobal
