
Microsoft Visual Studio Solution File, Format Version 12.00
# Visual Studio 15
Project("{FAE04EC0-301F-11D3-BF4B-00C04F79EFBC}") = "Assembly-CSharp", "Assembly-CSharp.csproj", "{40E45F5D-AFD0-66F8-07A1-AF73C1DAD6D7}"
EndProject
Project("{FAE04EC0-301F-11D3-BF4B-00C04F79EFBC}") = "Assembly-CSharp-firstpass", "Assembly-CSharp-firstpass.csproj", "{070644B3-7511-8AA2-7635-4317F525A339}"
EndProject
Project("{FAE04EC0-301F-11D3-BF4B-00C04F79EFBC}") = "Assembly-CSharp-Editor", "Assembly-CSharp-Editor.csproj", "{90872E86-9DDC-0AF4-9EC3-43A5A0901389}"
EndProject
Project("{FAE04EC0-301F-11D3-BF4B-00C04F79EFBC}") = "Assembly-CSharp-Editor-firstpass", "Assembly-CSharp-Editor-firstpass.csproj", "{39506764-EB66-716C-739A-96976BE7B5E7}"
EndProject
Global
	GlobalSection(SolutionConfigurationPlatforms) = preSolution
		Debug|Any CPU = Debug|Any CPU
		Release|Any CPU = Release|Any CPU
	EndGlobalSection
	GlobalSection(ProjectConfigurationPlatforms) = postSolution
		{40E45F5D-AFD0-66F8-07A1-AF73C1DAD6D7}.Debug|Any CPU.ActiveCfg = Debug|Any CPU
		{40E45F5D-AFD0-66F8-07A1-AF73C1DAD6D7}.Debug|Any CPU.Build.0 = Debug|Any CPU
		{40E45F5D-AFD0-66F8-07A1-AF73C1DAD6D7}.Release|Any CPU.ActiveCfg = Release|Any CPU
		{40E45F5D-AFD0-66F8-07A1-AF73C1DAD6D7}.Release|Any CPU.Build.0 = Release|Any CPU
		{070644B3-7511-8AA2-7635-4317F525A339}.Debug|Any CPU.ActiveCfg = Debug|Any CPU
		{070644B3-7511-8AA2-7635-4317F525A339}.Debug|Any CPU.Build.0 = Debug|Any CPU
		{070644B3-7511-8AA2-7635-4317F525A339}.Release|Any CPU.ActiveCfg = Release|Any CPU
		{070644B3-7511-8AA2-7635-4317F525A339}.Release|Any CPU.Build.0 = Release|Any CPU
		{90872E86-9DDC-0AF4-9EC3-43A5A0901389}.Debug|Any CPU.ActiveCfg = Debug|Any CPU
		{90872E86-9DDC-0AF4-9EC3-43A5A0901389}.Debug|Any CPU.Build.0 = Debug|Any CPU
		{90872E86-9DDC-0AF4-9EC3-43A5A0901389}.Release|Any CPU.ActiveCfg = Release|Any CPU
		{90872E86-9DDC-0AF4-9EC3-43A5A0901389}.Release|Any CPU.Build.0 = Release|Any CPU
		{39506764-EB66-716C-739A-96976BE7B5E7}.Debug|Any CPU.ActiveCfg = Debug|Any CPU
		{39506764-EB66-716C-739A-96976BE7B5E7}.Debug|Any CPU.Build.0 = Debug|Any CPU
		{39506764-EB66-716C-739A-96976BE7B5E7}.Release|Any CPU.ActiveCfg = Release|Any CPU
		{39506764-EB66-716C-739A-96976BE7B5E7}.Release|Any CPU.Build.0 = Release|Any CPU
	EndGlobalSection
	GlobalSection(SolutionProperties) = preSolution
		HideSolutionNode = FALSE
	EndGlobalSection
EndGlobal
